// !$*UTF8*$!
{
	archiveVersion = 1;
	classes = {
	};
	objectVersion = 46;
	objects = {

/* Begin PBXBuildFile section */
		0FDC641B1BF1B78B006BE336 /* AppDelegate.swift in Sources */ = {isa = PBXBuildFile; fileRef = 0FDC641A1BF1B78B006BE336 /* AppDelegate.swift */; };
		0FDC641D1BF1B78B006BE336 /* ViewController.swift in Sources */ = {isa = PBXBuildFile; fileRef = 0FDC641C1BF1B78B006BE336 /* ViewController.swift */; };
		0FDC64201BF1B78B006BE336 /* Main.storyboard in Resources */ = {isa = PBXBuildFile; fileRef = 0FDC641E1BF1B78B006BE336 /* Main.storyboard */; };
		0FDC64221BF1B78B006BE336 /* Assets.xcassets in Resources */ = {isa = PBXBuildFile; fileRef = 0FDC64211BF1B78B006BE336 /* Assets.xcassets */; };
		0FDC64251BF1B78B006BE336 /* LaunchScreen.storyboard in Resources */ = {isa = PBXBuildFile; fileRef = 0FDC64231BF1B78B006BE336 /* LaunchScreen.storyboard */; };
		0FDC64301BF1B78C006BE336 /* SupercoolTests.swift in Sources */ = {isa = PBXBuildFile; fileRef = 0FDC642F1BF1B78C006BE336 /* SupercoolTests.swift */; };
		0FDC643B1BF1B78C006BE336 /* SupercoolUITests.swift in Sources */ = {isa = PBXBuildFile; fileRef = 0FDC643A1BF1B78C006BE336 /* SupercoolUITests.swift */; };
/* End PBXBuildFile section */

/* Begin PBXContainerItemProxy section */
		0FDC642C1BF1B78C006BE336 /* PBXContainerItemProxy */ = {
			isa = PBXContainerItemProxy;
			containerPortal = 0FDC640F1BF1B78B006BE336 /* Project object */;
			proxyType = 1;
			remoteGlobalIDString = 0FDC64161BF1B78B006BE336;
			remoteInfo = Supercool;
		};
		0FDC64371BF1B78C006BE336 /* PBXContainerItemProxy */ = {
			isa = PBXContainerItemProxy;
			containerPortal = 0FDC640F1BF1B78B006BE336 /* Project object */;
			proxyType = 1;
			remoteGlobalIDString = 0FDC64161BF1B78B006BE336;
			remoteInfo = Supercool;
		};
/* End PBXContainerItemProxy section */

/* Begin PBXFileReference section */
		0FDC64171BF1B78B006BE336 /* Supercool.app */ = {isa = PBXFileReference; explicitFileType = wrapper.application; includeInIndex = 0; path = Supercool.app; sourceTree = BUILT_PRODUCTS_DIR; };
		0FDC641A1BF1B78B006BE336 /* AppDelegate.swift */ = {isa = PBXFileReference; lastKnownFileType = sourcecode.swift; path = AppDelegate.swift; sourceTree = "<group>"; };
		0FDC641C1BF1B78B006BE336 /* ViewController.swift */ = {isa = PBXFileReference; lastKnownFileType = sourcecode.swift; path = ViewController.swift; sourceTree = "<group>"; };
		0FDC641F1BF1B78B006BE336 /* Base */ = {isa = PBXFileReference; lastKnownFileType = file.storyboard; name = Base; path = Base.lproj/Main.storyboard; sourceTree = "<group>"; };
		0FDC64211BF1B78B006BE336 /* Assets.xcassets */ = {isa = PBXFileReference; lastKnownFileType = folder.assetcatalog; path = Assets.xcassets; sourceTree = "<group>"; };
		0FDC64241BF1B78B006BE336 /* Base */ = {isa = PBXFileReference; lastKnownFileType = file.storyboard; name = Base; path = Base.lproj/LaunchScreen.storyboard; sourceTree = "<group>"; };
		0FDC64261BF1B78B006BE336 /* Info.plist */ = {isa = PBXFileReference; lastKnownFileType = text.plist.xml; path = Info.plist; sourceTree = "<group>"; };
		0FDC642B1BF1B78C006BE336 /* SupercoolTests.xctest */ = {isa = PBXFileReference; explicitFileType = wrapper.cfbundle; includeInIndex = 0; path = SupercoolTests.xctest; sourceTree = BUILT_PRODUCTS_DIR; };
		0FDC642F1BF1B78C006BE336 /* SupercoolTests.swift */ = {isa = PBXFileReference; lastKnownFileType = sourcecode.swift; path = SupercoolTests.swift; sourceTree = "<group>"; };
		0FDC64311BF1B78C006BE336 /* Info.plist */ = {isa = PBXFileReference; lastKnownFileType = text.plist.xml; path = Info.plist; sourceTree = "<group>"; };
		0FDC64361BF1B78C006BE336 /* SupercoolUITests.xctest */ = {isa = PBXFileReference; explicitFileType = wrapper.cfbundle; includeInIndex = 0; path = SupercoolUITests.xctest; sourceTree = BUILT_PRODUCTS_DIR; };
		0FDC643A1BF1B78C006BE336 /* SupercoolUITests.swift */ = {isa = PBXFileReference; lastKnownFileType = sourcecode.swift; path = SupercoolUITests.swift; sourceTree = "<group>"; };
		0FDC643C1BF1B78C006BE336 /* Info.plist */ = {isa = PBXFileReference; lastKnownFileType = text.plist.xml; path = Info.plist; sourceTree = "<group>"; };
/* End PBXFileReference section */

/* Begin PBXFrameworksBuildPhase section */
		0FDC64141BF1B78B006BE336 /* Frameworks */ = {
			isa = PBXFrameworksBuildPhase;
			buildActionMask = 2147483647;
			files = (
			);
			runOnlyForDeploymentPostprocessing = 0;
		};
		0FDC64281BF1B78C006BE336 /* Frameworks */ = {
			isa = PBXFrameworksBuildPhase;
			buildActionMask = 2147483647;
			files = (
			);
			runOnlyForDeploymentPostprocessing = 0;
		};
		0FDC64331BF1B78C006BE336 /* Frameworks */ = {
			isa = PBXFrameworksBuildPhase;
			buildActionMask = 2147483647;
			files = (
			);
			runOnlyForDeploymentPostprocessing = 0;
		};
/* End PBXFrameworksBuildPhase section */

/* Begin PBXGroup section */
		0FDC640E1BF1B78B006BE336 = {
			isa = PBXGroup;
			children = (
				0FDC64191BF1B78B006BE336 /* Supercool */,
				0FDC642E1BF1B78C006BE336 /* SupercoolTests */,
				0FDC64391BF1B78C006BE336 /* SupercoolUITests */,
				0FDC64181BF1B78B006BE336 /* Products */,
			);
			sourceTree = "<group>";
		};
		0FDC64181BF1B78B006BE336 /* Products */ = {
			isa = PBXGroup;
			children = (
				0FDC64171BF1B78B006BE336 /* Supercool.app */,
				0FDC642B1BF1B78C006BE336 /* SupercoolTests.xctest */,
				0FDC64361BF1B78C006BE336 /* SupercoolUITests.xctest */,
			);
			name = Products;
			sourceTree = "<group>";
		};
		0FDC64191BF1B78B006BE336 /* Supercool */ = {
			isa = PBXGroup;
			children = (
				0FDC641A1BF1B78B006BE336 /* AppDelegate.swift */,
				0FDC641C1BF1B78B006BE336 /* ViewController.swift */,
				0FDC641E1BF1B78B006BE336 /* Main.storyboard */,
				0FDC64211BF1B78B006BE336 /* Assets.xcassets */,
				0FDC64231BF1B78B006BE336 /* LaunchScreen.storyboard */,
				0FDC64261BF1B78B006BE336 /* Info.plist */,
			);
			path = Supercool;
			sourceTree = "<group>";
		};
		0FDC642E1BF1B78C006BE336 /* SupercoolTests */ = {
			isa = PBXGroup;
			children = (
				0FDC642F1BF1B78C006BE336 /* SupercoolTests.swift */,
				0FDC64311BF1B78C006BE336 /* Info.plist */,
			);
			path = SupercoolTests;
			sourceTree = "<group>";
		};
		0FDC64391BF1B78C006BE336 /* SupercoolUITests */ = {
			isa = PBXGroup;
			children = (
				0FDC643A1BF1B78C006BE336 /* SupercoolUITests.swift */,
				0FDC643C1BF1B78C006BE336 /* Info.plist */,
			);
			path = SupercoolUITests;
			sourceTree = "<group>";
		};
/* End PBXGroup section */

/* Begin PBXNativeTarget section */
		0FDC64161BF1B78B006BE336 /* Supercool */ = {
			isa = PBXNativeTarget;
			buildConfigurationList = 0FDC643F1BF1B78C006BE336 /* Build configuration list for PBXNativeTarget "Supercool" */;
			buildPhases = (
				0FDC64131BF1B78B006BE336 /* Sources */,
				0FDC64141BF1B78B006BE336 /* Frameworks */,
				0FDC64151BF1B78B006BE336 /* Resources */,
			);
			buildRules = (
			);
			dependencies = (
			);
			name = Supercool;
			productName = Supercool;
			productReference = 0FDC64171BF1B78B006BE336 /* Supercool.app */;
			productType = "com.apple.product-type.application";
		};
		0FDC642A1BF1B78C006BE336 /* SupercoolTests */ = {
			isa = PBXNativeTarget;
			buildConfigurationList = 0FDC64421BF1B78C006BE336 /* Build configuration list for PBXNativeTarget "SupercoolTests" */;
			buildPhases = (
				0FDC64271BF1B78C006BE336 /* Sources */,
				0FDC64281BF1B78C006BE336 /* Frameworks */,
				0FDC64291BF1B78C006BE336 /* Resources */,
			);
			buildRules = (
			);
			dependencies = (
				0FDC642D1BF1B78C006BE336 /* PBXTargetDependency */,
			);
			name = SupercoolTests;
			productName = SupercoolTests;
			productReference = 0FDC642B1BF1B78C006BE336 /* SupercoolTests.xctest */;
			productType = "com.apple.product-type.bundle.unit-test";
		};
		0FDC64351BF1B78C006BE336 /* SupercoolUITests */ = {
			isa = PBXNativeTarget;
			buildConfigurationList = 0FDC64451BF1B78C006BE336 /* Build configuration list for PBXNativeTarget "SupercoolUITests" */;
			buildPhases = (
				0FDC64321BF1B78C006BE336 /* Sources */,
				0FDC64331BF1B78C006BE336 /* Frameworks */,
				0FDC64341BF1B78C006BE336 /* Resources */,
			);
			buildRules = (
			);
			dependencies = (
				0FDC64381BF1B78C006BE336 /* PBXTargetDependency */,
			);
			name = SupercoolUITests;
			productName = SupercoolUITests;
			productReference = 0FDC64361BF1B78C006BE336 /* SupercoolUITests.xctest */;
			productType = "com.apple.product-type.bundle.ui-testing";
		};
/* End PBXNativeTarget section */

/* Begin PBXProject section */
		0FDC640F1BF1B78B006BE336 /* Project object */ = {
			isa = PBXProject;
			attributes = {
				LastSwiftUpdateCheck = 0710;
				LastUpgradeCheck = 0710;
				ORGANIZATIONNAME = "Morgan Townsend";
				TargetAttributes = {
					0FDC64161BF1B78B006BE336 = {
						CreatedOnToolsVersion = 7.1;
					};
					0FDC642A1BF1B78C006BE336 = {
						CreatedOnToolsVersion = 7.1;
						TestTargetID = 0FDC64161BF1B78B006BE336;
					};
					0FDC64351BF1B78C006BE336 = {
						CreatedOnToolsVersion = 7.1;
						TestTargetID = 0FDC64161BF1B78B006BE336;
					};
				};
			};
			buildConfigurationList = 0FDC64121BF1B78B006BE336 /* Build configuration list for PBXProject "Supercool" */;
			compatibilityVersion = "Xcode 3.2";
			developmentRegion = English;
			hasScannedForEncodings = 0;
			knownRegions = (
				en,
				Base,
			);
			mainGroup = 0FDC640E1BF1B78B006BE336;
			productRefGroup = 0FDC64181BF1B78B006BE336 /* Products */;
			projectDirPath = "";
			projectRoot = "";
			targets = (
				0FDC64161BF1B78B006BE336 /* Supercool */,
				0FDC642A1BF1B78C006BE336 /* SupercoolTests */,
				0FDC64351BF1B78C006BE336 /* SupercoolUITests */,
			);
		};
/* End PBXProject section */

/* Begin PBXResourcesBuildPhase section */
		0FDC64151BF1B78B006BE336 /* Resources */ = {
			isa = PBXResourcesBuildPhase;
			buildActionMask = 2147483647;
			files = (
				0FDC64251BF1B78B006BE336 /* LaunchScreen.storyboard in Resources */,
				0FDC64221BF1B78B006BE336 /* Assets.xcassets in Resources */,
				0FDC64201BF1B78B006BE336 /* Main.storyboard in Resources */,
			);
			runOnlyForDeploymentPostprocessing = 0;
		};
		0FDC64291BF1B78C006BE336 /* Resources */ = {
			isa = PBXResourcesBuildPhase;
			buildActionMask = 2147483647;
			files = (
			);
			runOnlyForDeploymentPostprocessing = 0;
		};
		0FDC64341BF1B78C006BE336 /* Resources */ = {
			isa = PBXResourcesBuildPhase;
			buildActionMask = 2147483647;
			files = (
			);
			runOnlyForDeploymentPostprocessing = 0;
		};
/* End PBXResourcesBuildPhase section */

/* Begin PBXSourcesBuildPhase section */
		0FDC64131BF1B78B006BE336 /* Sources */ = {
			isa = PBXSourcesBuildPhase;
			buildActionMask = 2147483647;
			files = (
				0FDC641D1BF1B78B006BE336 /* ViewController.swift in Sources */,
				0FDC641B1BF1B78B006BE336 /* AppDelegate.swift in Sources */,
			);
			runOnlyForDeploymentPostprocessing = 0;
		};
		0FDC64271BF1B78C006BE336 /* Sources */ = {
			isa = PBXSourcesBuildPhase;
			buildActionMask = 2147483647;
			files = (
				0FDC64301BF1B78C006BE336 /* SupercoolTests.swift in Sources */,
			);
			runOnlyForDeploymentPostprocessing = 0;
		};
		0FDC64321BF1B78C006BE336 /* Sources */ = {
			isa = PBXSourcesBuildPhase;
			buildActionMask = 2147483647;
			files = (
				0FDC643B1BF1B78C006BE336 /* SupercoolUITests.swift in Sources */,
			);
			runOnlyForDeploymentPostprocessing = 0;
		};
/* End PBXSourcesBuildPhase section */

/* Begin PBXTargetDependency section */
		0FDC642D1BF1B78C006BE336 /* PBXTargetDependency */ = {
			isa = PBXTargetDependency;
			target = 0FDC64161BF1B78B006BE336 /* Supercool */;
			targetProxy = 0FDC642C1BF1B78C006BE336 /* PBXContainerItemProxy */;
		};
		0FDC64381BF1B78C006BE336 /* PBXTargetDependency */ = {
			isa = PBXTargetDependency;
			target = 0FDC64161BF1B78B006BE336 /* Supercool */;
			targetProxy = 0FDC64371BF1B78C006BE336 /* PBXContainerItemProxy */;
		};
/* End PBXTargetDependency section */

/* Begin PBXVariantGroup section */
		0FDC641E1BF1B78B006BE336 /* Main.storyboard */ = {
			isa = PBXVariantGroup;
			children = (
				0FDC641F1BF1B78B006BE336 /* Base */,
			);
			name = Main.storyboard;
			sourceTree = "<group>";
		};
		0FDC64231BF1B78B006BE336 /* LaunchScreen.storyboard */ = {
			isa = PBXVariantGroup;
			children = (
				0FDC64241BF1B78B006BE336 /* Base */,
			);
			name = LaunchScreen.storyboard;
			sourceTree = "<group>";
		};
/* End PBXVariantGroup section */

/* Begin XCBuildConfiguration section */
		0FDC643D1BF1B78C006BE336 /* Debug */ = {
			isa = XCBuildConfiguration;
			buildSettings = {
				ALWAYS_SEARCH_USER_PATHS = NO;
				CLANG_CXX_LANGUAGE_STANDARD = "gnu++0x";
				CLANG_CXX_LIBRARY = "libc++";
				CLANG_ENABLE_MODULES = YES;
				CLANG_ENABLE_OBJC_ARC = YES;
				CLANG_WARN_BOOL_CONVERSION = YES;
				CLANG_WARN_CONSTANT_CONVERSION = YES;
				CLANG_WARN_DIRECT_OBJC_ISA_USAGE = YES_ERROR;
				CLANG_WARN_EMPTY_BODY = YES;
				CLANG_WARN_ENUM_CONVERSION = YES;
				CLANG_WARN_INT_CONVERSION = YES;
				CLANG_WARN_OBJC_ROOT_CLASS = YES_ERROR;
				CLANG_WARN_UNREACHABLE_CODE = YES;
				CLANG_WARN__DUPLICATE_METHOD_MATCH = YES;
				"CODE_SIGN_IDENTITY[sdk=iphoneos*]" = "iPhone Developer";
				COPY_PHASE_STRIP = NO;
				DEBUG_INFORMATION_FORMAT = dwarf;
				ENABLE_STRICT_OBJC_MSGSEND = YES;
				ENABLE_TESTABILITY = YES;
				GCC_C_LANGUAGE_STANDARD = gnu99;
				GCC_DYNAMIC_NO_PIC = NO;
				GCC_NO_COMMON_BLOCKS = YES;
				GCC_OPTIMIZATION_LEVEL = 0;
				GCC_PREPROCESSOR_DEFINITIONS = (
					"DEBUG=1",
					"$(inherited)",
				);
				GCC_WARN_64_TO_32_BIT_CONVERSION = YES;
				GCC_WARN_ABOUT_RETURN_TYPE = YES_ERROR;
				GCC_WARN_UNDECLARED_SELECTOR = YES;
				GCC_WARN_UNINITIALIZED_AUTOS = YES_AGGRESSIVE;
				GCC_WARN_UNUSED_FUNCTION = YES;
				GCC_WARN_UNUSED_VARIABLE = YES;
				IPHONEOS_DEPLOYMENT_TARGET = 9.1;
				MTL_ENABLE_DEBUG_INFO = YES;
				ONLY_ACTIVE_ARCH = YES;
				SDKROOT = iphoneos;
				SWIFT_OPTIMIZATION_LEVEL = "-Onone";
			};
			name = Debug;
		};
		0FDC643E1BF1B78C006BE336 /* Release */ = {
			isa = XCBuildConfiguration;
			buildSettings = {
				ALWAYS_SEARCH_USER_PATHS = NO;
				CLANG_CXX_LANGUAGE_STANDARD = "gnu++0x";
				CLANG_CXX_LIBRARY = "libc++";
				CLANG_ENABLE_MODULES = YES;
				CLANG_ENABLE_OBJC_ARC = YES;
				CLANG_WARN_BOOL_CONVERSION = YES;
				CLANG_WARN_CONSTANT_CONVERSION = YES;
				CLANG_WARN_DIRECT_OBJC_ISA_USAGE = YES_ERROR;
				CLANG_WARN_EMPTY_BODY = YES;
				CLANG_WARN_ENUM_CONVERSION = YES;
				CLANG_WARN_INT_CONVERSION = YES;
				CLANG_WARN_OBJC_ROOT_CLASS = YES_ERROR;
				CLANG_WARN_UNREACHABLE_CODE = YES;
				CLANG_WARN__DUPLICATE_METHOD_MATCH = YES;
				"CODE_SIGN_IDENTITY[sdk=iphoneos*]" = "iPhone Developer";
				COPY_PHASE_STRIP = NO;
				DEBUG_INFORMATION_FORMAT = "dwarf-with-dsym";
				ENABLE_NS_ASSERTIONS = NO;
				ENABLE_STRICT_OBJC_MSGSEND = YES;
				GCC_C_LANGUAGE_STANDARD = gnu99;
				GCC_NO_COMMON_BLOCKS = YES;
				GCC_WARN_64_TO_32_BIT_CONVERSION = YES;
				GCC_WARN_ABOUT_RETURN_TYPE = YES_ERROR;
				GCC_WARN_UNDECLARED_SELECTOR = YES;
				GCC_WARN_UNINITIALIZED_AUTOS = YES_AGGRESSIVE;
				GCC_WARN_UNUSED_FUNCTION = YES;
				GCC_WARN_UNUSED_VARIABLE = YES;
				IPHONEOS_DEPLOYMENT_TARGET = 9.1;
				MTL_ENABLE_DEBUG_INFO = NO;
				SDKROOT = iphoneos;
				VALIDATE_PRODUCT = YES;
			};
			name = Release;
		};
		0FDC64401BF1B78C006BE336 /* Debug */ = {
			isa = XCBuildConfiguration;
			buildSettings = {
				ASSETCATALOG_COMPILER_APPICON_NAME = AppIcon;
				INFOPLIST_FILE = Supercool/Info.plist;
				LD_RUNPATH_SEARCH_PATHS = "$(inherited) @executable_path/Frameworks";
				PRODUCT_BUNDLE_IDENTIFIER = com.Supercool.Supercool;
				PRODUCT_NAME = "$(TARGET_NAME)";
			};
			name = Debug;
		};
		0FDC64411BF1B78C006BE336 /* Release */ = {
			isa = XCBuildConfiguration;
			buildSettings = {
				ASSETCATALOG_COMPILER_APPICON_NAME = AppIcon;
				INFOPLIST_FILE = Supercool/Info.plist;
				LD_RUNPATH_SEARCH_PATHS = "$(inherited) @executable_path/Frameworks";
				PRODUCT_BUNDLE_IDENTIFIER = com.Supercool.Supercool;
				PRODUCT_NAME = "$(TARGET_NAME)";
			};
			name = Release;
		};
		0FDC64431BF1B78C006BE336 /* Debug */ = {
			isa = XCBuildConfiguration;
			buildSettings = {
				BUNDLE_LOADER = "$(TEST_HOST)";
				INFOPLIST_FILE = SupercoolTests/Info.plist;
				LD_RUNPATH_SEARCH_PATHS = "$(inherited) @executable_path/Frameworks @loader_path/Frameworks";
				PRODUCT_BUNDLE_IDENTIFIER = com.Supercool.SupercoolTests;
				PRODUCT_NAME = "$(TARGET_NAME)";
				TEST_HOST = "$(BUILT_PRODUCTS_DIR)/Supercool.app/Supercool";
			};
			name = Debug;
		};
		0FDC64441BF1B78C006BE336 /* Release */ = {
			isa = XCBuildConfiguration;
			buildSettings = {
				BUNDLE_LOADER = "$(TEST_HOST)";
				INFOPLIST_FILE = SupercoolTests/Info.plist;
				LD_RUNPATH_SEARCH_PATHS = "$(inherited) @executable_path/Frameworks @loader_path/Frameworks";
				PRODUCT_BUNDLE_IDENTIFIER = com.Supercool.SupercoolTests;
				PRODUCT_NAME = "$(TARGET_NAME)";
				TEST_HOST = "$(BUILT_PRODUCTS_DIR)/Supercool.app/Supercool";
			};
			name = Release;
		};
		0FDC64461BF1B78C006BE336 /* Debug */ = {
			isa = XCBuildConfiguration;
			buildSettings = {
				INFOPLIST_FILE = SupercoolUITests/Info.plist;
				LD_RUNPATH_SEARCH_PATHS = "$(inherited) @executable_path/Frameworks @loader_path/Frameworks";
				PRODUCT_BUNDLE_IDENTIFIER = com.Supercool.SupercoolUITests;
				PRODUCT_NAME = "$(TARGET_NAME)";
				TEST_TARGET_NAME = Supercool;
				USES_XCTRUNNER = YES;
			};
			name = Debug;
		};
		0FDC64471BF1B78C006BE336 /* Release */ = {
			isa = XCBuildConfiguration;
			buildSettings = {
				INFOPLIST_FILE = SupercoolUITests/Info.plist;
				LD_RUNPATH_SEARCH_PATHS = "$(inherited) @executable_path/Frameworks @loader_path/Frameworks";
				PRODUCT_BUNDLE_IDENTIFIER = com.Supercool.SupercoolUITests;
				PRODUCT_NAME = "$(TARGET_NAME)";
				TEST_TARGET_NAME = Supercool;
				USES_XCTRUNNER = YES;
			};
			name = Release;
		};
/* End XCBuildConfiguration section */

/* Begin XCConfigurationList section */
		0FDC64121BF1B78B006BE336 /* Build configuration list for PBXProject "Supercool" */ = {
			isa = XCConfigurationList;
			buildConfigurations = (
				0FDC643D1BF1B78C006BE336 /* Debug */,
				0FDC643E1BF1B78C006BE336 /* Release */,
			);
			defaultConfigurationIsVisible = 0;
			defaultConfigurationName = Release;
		};
		0FDC643F1BF1B78C006BE336 /* Build configuration list for PBXNativeTarget "Supercool" */ = {
			isa = XCConfigurationList;
			buildConfigurations = (
				0FDC64401BF1B78C006BE336 /* Debug */,
				0FDC64411BF1B78C006BE336 /* Release */,
			);
			defaultConfigurationIsVisible = 0;
		};
		0FDC64421BF1B78C006BE336 /* Build configuration list for PBXNativeTarget "SupercoolTests" */ = {
			isa = XCConfigurationList;
			buildConfigurations = (
				0FDC64431BF1B78C006BE336 /* Debug */,
				0FDC64441BF1B78C006BE336 /* Release */,
			);
			defaultConfigurationIsVisible = 0;
		};
		0FDC64451BF1B78C006BE336 /* Build configuration list for PBXNativeTarget "SupercoolUITests" */ = {
			isa = XCConfigurationList;
			buildConfigurations = (
				0FDC64461BF1B78C006BE336 /* Debug */,
				0FDC64471BF1B78C006BE336 /* Release */,
			);
			defaultConfigurationIsVisible = 0;
		};
/* End XCConfigurationList section */
	};
	rootObject = 0FDC640F1BF1B78B006BE336 /* Project object */;
}
